
Microsoft Visual Studio Solution File, Format Version 12.00
# Visual Studio 2015
Project("{FAE04EC0-301F-11D3-BF4B-00C04F79EFBC}") = "ParticleProject.CSharp.Plugins", "ParticleProject.CSharp.Plugins.csproj", "{D377C0A9-EFE1-EC9F-4F94-95D3AFAFBFDB}"
EndProject
Project("{FAE04EC0-301F-11D3-BF4B-00C04F79EFBC}") = "ParticleProject.CSharp", "ParticleProject.CSharp.csproj", "{B8855644-8CC3-DBF3-6FD1-9F1FC2C8773B}"
EndProject
Project("{FAE04EC0-301F-11D3-BF4B-00C04F79EFBC}") = "ParticleProject.CSharp.Editor.Plugins", "ParticleProject.CSharp.Editor.Plugins.csproj", "{1411E7AF-4207-5D06-766C-D285F85B88E2}"
EndProject
Global
	GlobalSection(SolutionConfigurationPlatforms) = preSolution
		Debug|Any CPU = Debug|Any CPU
		Release|Any CPU = Release|Any CPU
	EndGlobalSection
	GlobalSection(ProjectConfigurationPlatforms) = postSolution
		{D377C0A9-EFE1-EC9F-4F94-95D3AFAFBFDB}.Debug|Any CPU.ActiveCfg = Debug|Any CPU
		{D377C0A9-EFE1-EC9F-4F94-95D3AFAFBFDB}.Debug|Any CPU.Build.0 = Debug|Any CPU
		{D377C0A9-EFE1-EC9F-4F94-95D3AFAFBFDB}.Release|Any CPU.ActiveCfg = Release|Any CPU
		{D377C0A9-EFE1-EC9F-4F94-95D3AFAFBFDB}.Release|Any CPU.Build.0 = Release|Any CPU
		{B8855644-8CC3-DBF3-6FD1-9F1FC2C8773B}.Debug|Any CPU.ActiveCfg = Debug|Any CPU
		{B8855644-8CC3-DBF3-6FD1-9F1FC2C8773B}.Debug|Any CPU.Build.0 = Debug|Any CPU
		{B8855644-8CC3-DBF3-6FD1-9F1FC2C8773B}.Release|Any CPU.ActiveCfg = Release|Any CPU
		{B8855644-8CC3-DBF3-6FD1-9F1FC2C8773B}.Release|Any CPU.Build.0 = Release|Any CPU
		{1411E7AF-4207-5D06-766C-D285F85B88E2}.Debug|Any CPU.ActiveCfg = Debug|Any CPU
		{1411E7AF-4207-5D06-766C-D285F85B88E2}.Debug|Any CPU.Build.0 = Debug|Any CPU
		{1411E7AF-4207-5D06-766C-D285F85B88E2}.Release|Any CPU.ActiveCfg = Release|Any CPU
		{1411E7AF-4207-5D06-766C-D285F85B88E2}.Release|Any CPU.Build.0 = Release|Any CPU
	EndGlobalSection
	GlobalSection(SolutionProperties) = preSolution
		HideSolutionNode = FALSE
	EndGlobalSection
EndGlobal
